
Microsoft Visual Studio Solution File, Format Version 12.00
# Visual Studio Version 18
VisualStudioVersion = 18.6.11822.322
MinimumVisualStudioVersion = 10.0.40219.1
Project("{FAE04EC0-301F-11D3-BF4B-00C04F79EFBC}") = "Common.Validation", "Common.Validation\Common.Validation.csproj", "{DB038C94-F6B4-4ADA-81EF-7E8C4B740B62}"
EndProject
Project("{FAE04EC0-301F-11D3-BF4B-00C04F79EFBC}") = "Common.Results", "Common.Results\Common.Results.csproj", "{7163D099-0DB6-4903-A003-6E8A694B7126}"
EndProject
Project("{FAE04EC0-301F-11D3-BF4B-00C04F79EFBC}") = "Common.Extensions", "Common.Extensions\Common.Extensions.csproj", "{F017C3D8-E026-40A2-BBFA-D149B63F146D}"
EndProject
Project("{FAE04EC0-301F-11D3-BF4B-00C04F79EFBC}") = "Common.Messaging.Abstractions", "Common.Messaging.Abstractions\Common.Messaging.Abstractions.csproj", "{0B1A5780-9D40-4A9F-A6FE-35C5BFB9118E}"
EndProject
Project("{FAE04EC0-301F-11D3-BF4B-00C04F79EFBC}") = "Common.Messaging.Async", "Common.Messaging.Async\Common.Messaging.Async.csproj", "{1B1976C3-6186-4524-BC47-2AB33E166F56}"
EndProject
Project("{FAE04EC0-301F-11D3-BF4B-00C04F79EFBC}") = "Common.Messaging.Sync", "Common.Messaging.Sync\Common.Messaging.Sync.csproj", "{3CB15DEC-C847-4758-9320-D954AEB4294E}"
EndProject
Project("{FAE04EC0-301F-11D3-BF4B-00C04F79EFBC}") = "Common.Resilience", "Common.Resilience\Common.Resilience.csproj", "{64BA2A9E-119B-49EB-8B00-2506047DF0B6}"
EndProject
Project("{FAE04EC0-301F-11D3-BF4B-00C04F79EFBC}") = "Common.Resilience.SqlServer", "Common.Resilience.SqlServer\Common.Resilience.SqlServer.csproj", "{D8BC4D64-D0E9-4FB5-8334-36270B33D6AF}"
EndProject
Project("{2150E333-8FDC-42A3-9474-1A3956D46DE8}") = "Messaging", "Messaging", "{EB4A8C62-20BA-4444-9653-A4B22910A53F}"
EndProject
Project("{2150E333-8FDC-42A3-9474-1A3956D46DE8}") = "Resilience", "Resilience", "{69B193DF-D261-4EC8-8932-F6EE576190C2}"
EndProject
Project("{FAE04EC0-301F-11D3-BF4B-00C04F79EFBC}") = "Common.Persistence.Transactions", "Common.Persistence.Transactions\Common.Persistence.Transactions.csproj", "{0A8C36DC-3AA0-4E30-A0C3-B0B4C5C07266}"
EndProject
Project("{2150E333-8FDC-42A3-9474-1A3956D46DE8}") = "Persistence", "Persistence", "{06B453F7-AC09-410F-80DE-365F88BA193F}"
EndProject
Project("{FAE04EC0-301F-11D3-BF4B-00C04F79EFBC}") = "Common.Persistence.EntityFramework", "Common.Persistence.EntityFramework\Common.Persistence.EntityFramework.csproj", "{EBE8A045-759A-4FF5-A3FC-5AE569F5C518}"
EndProject
Project("{2150E333-8FDC-42A3-9474-1A3956D46DE8}") = "Results", "Results", "{060593C2-9967-42E7-9AF3-7F3938F9D51D}"
EndProject
Project("{FAE04EC0-301F-11D3-BF4B-00C04F79EFBC}") = "Common.Persistence.Concurrency", "Common.Persistence.Concurrency\Common.Persistence.Concurrency.csproj", "{F299863E-AFA8-4769-A13E-10E9036FCE0F}"
EndProject
Project("{FAE04EC0-301F-11D3-BF4B-00C04F79EFBC}") = "Common.Persistence.Resilience", "Common.Persistence.Resilience\Common.Persistence.Resilience.csproj", "{D2D8A535-D72D-4E11-8F96-0AC8618F4C3E}"
EndProject
Global
	GlobalSection(SolutionConfigurationPlatforms) = preSolution
		Debug|Any CPU = Debug|Any CPU
		Release|Any CPU = Release|Any CPU
	EndGlobalSection
	GlobalSection(ProjectConfigurationPlatforms) = postSolution
		{DB038C94-F6B4-4ADA-81EF-7E8C4B740B62}.Debug|Any CPU.ActiveCfg = Debug|Any CPU
		{DB038C94-F6B4-4ADA-81EF-7E8C4B740B62}.Debug|Any CPU.Build.0 = Debug|Any CPU
		{DB038C94-F6B4-4ADA-81EF-7E8C4B740B62}.Release|Any CPU.ActiveCfg = Release|Any CPU
		{DB038C94-F6B4-4ADA-81EF-7E8C4B740B62}.Release|Any CPU.Build.0 = Release|Any CPU
		{7163D099-0DB6-4903-A003-6E8A694B7126}.Debug|Any CPU.ActiveCfg = Debug|Any CPU
		{7163D099-0DB6-4903-A003-6E8A694B7126}.Debug|Any CPU.Build.0 = Debug|Any CPU
		{7163D099-0DB6-4903-A003-6E8A694B7126}.Release|Any CPU.ActiveCfg = Release|Any CPU
		{7163D099-0DB6-4903-A003-6E8A694B7126}.Release|Any CPU.Build.0 = Release|Any CPU
		{F017C3D8-E026-40A2-BBFA-D149B63F146D}.Debug|Any CPU.ActiveCfg = Debug|Any CPU
		{F017C3D8-E026-40A2-BBFA-D149B63F146D}.Debug|Any CPU.Build.0 = Debug|Any CPU
		{F017C3D8-E026-40A2-BBFA-D149B63F146D}.Release|Any CPU.ActiveCfg = Release|Any CPU
		{F017C3D8-E026-40A2-BBFA-D149B63F146D}.Release|Any CPU.Build.0 = Release|Any CPU
		{0B1A5780-9D40-4A9F-A6FE-35C5BFB9118E}.Debug|Any CPU.ActiveCfg = Debug|Any CPU
		{0B1A5780-9D40-4A9F-A6FE-35C5BFB9118E}.Debug|Any CPU.Build.0 = Debug|Any CPU
		{0B1A5780-9D40-4A9F-A6FE-35C5BFB9118E}.Release|Any CPU.ActiveCfg = Release|Any CPU
		{0B1A5780-9D40-4A9F-A6FE-35C5BFB9118E}.Release|Any CPU.Build.0 = Release|Any CPU
		{1B1976C3-6186-4524-BC47-2AB33E166F56}.Debug|Any CPU.ActiveCfg = Debug|Any CPU
		{1B1976C3-6186-4524-BC47-2AB33E166F56}.Debug|Any CPU.Build.0 = Debug|Any CPU
		{1B1976C3-6186-4524-BC47-2AB33E166F56}.Release|Any CPU.ActiveCfg = Release|Any CPU
		{1B1976C3-6186-4524-BC47-2AB33E166F56}.Release|Any CPU.Build.0 = Release|Any CPU
		{3CB15DEC-C847-4758-9320-D954AEB4294E}.Debug|Any CPU.ActiveCfg = Debug|Any CPU
		{3CB15DEC-C847-4758-9320-D954AEB4294E}.Debug|Any CPU.Build.0 = Debug|Any CPU
		{3CB15DEC-C847-4758-9320-D954AEB4294E}.Release|Any CPU.ActiveCfg = Release|Any CPU
		{3CB15DEC-C847-4758-9320-D954AEB4294E}.Release|Any CPU.Build.0 = Release|Any CPU
		{64BA2A9E-119B-49EB-8B00-2506047DF0B6}.Debug|Any CPU.ActiveCfg = Debug|Any CPU
		{64BA2A9E-119B-49EB-8B00-2506047DF0B6}.Debug|Any CPU.Build.0 = Debug|Any CPU
		{64BA2A9E-119B-49EB-8B00-2506047DF0B6}.Release|Any CPU.ActiveCfg = Release|Any CPU
		{64BA2A9E-119B-49EB-8B00-2506047DF0B6}.Release|Any CPU.Build.0 = Release|Any CPU
		{D8BC4D64-D0E9-4FB5-8334-36270B33D6AF}.Debug|Any CPU.ActiveCfg = Debug|Any CPU
		{D8BC4D64-D0E9-4FB5-8334-36270B33D6AF}.Debug|Any CPU.Build.0 = Debug|Any CPU
		{D8BC4D64-D0E9-4FB5-8334-36270B33D6AF}.Release|Any CPU.ActiveCfg = Release|Any CPU
		{D8BC4D64-D0E9-4FB5-8334-36270B33D6AF}.Release|Any CPU.Build.0 = Release|Any CPU
		{0A8C36DC-3AA0-4E30-A0C3-B0B4C5C07266}.Debug|Any CPU.ActiveCfg = Debug|Any CPU
		{0A8C36DC-3AA0-4E30-A0C3-B0B4C5C07266}.Debug|Any CPU.Build.0 = Debug|Any CPU
		{0A8C36DC-3AA0-4E30-A0C3-B0B4C5C07266}.Release|Any CPU.ActiveCfg = Release|Any CPU
		{0A8C36DC-3AA0-4E30-A0C3-B0B4C5C07266}.Release|Any CPU.Build.0 = Release|Any CPU
		{EBE8A045-759A-4FF5-A3FC-5AE569F5C518}.Debug|Any CPU.ActiveCfg = Debug|Any CPU
		{EBE8A045-759A-4FF5-A3FC-5AE569F5C518}.Debug|Any CPU.Build.0 = Debug|Any CPU
		{EBE8A045-759A-4FF5-A3FC-5AE569F5C518}.Release|Any CPU.ActiveCfg = Release|Any CPU
		{EBE8A045-759A-4FF5-A3FC-5AE569F5C518}.Release|Any CPU.Build.0 = Release|Any CPU
		{F299863E-AFA8-4769-A13E-10E9036FCE0F}.Debug|Any CPU.ActiveCfg = Debug|Any CPU
		{F299863E-AFA8-4769-A13E-10E9036FCE0F}.Debug|Any CPU.Build.0 = Debug|Any CPU
		{F299863E-AFA8-4769-A13E-10E9036FCE0F}.Release|Any CPU.ActiveCfg = Release|Any CPU
		{F299863E-AFA8-4769-A13E-10E9036FCE0F}.Release|Any CPU.Build.0 = Release|Any CPU
		{D2D8A535-D72D-4E11-8F96-0AC8618F4C3E}.Debug|Any CPU.ActiveCfg = Debug|Any CPU
		{D2D8A535-D72D-4E11-8F96-0AC8618F4C3E}.Debug|Any CPU.Build.0 = Debug|Any CPU
		{D2D8A535-D72D-4E11-8F96-0AC8618F4C3E}.Release|Any CPU.ActiveCfg = Release|Any CPU
		{D2D8A535-D72D-4E11-8F96-0AC8618F4C3E}.Release|Any CPU.Build.0 = Release|Any CPU
	EndGlobalSection
	GlobalSection(SolutionProperties) = preSolution
		HideSolutionNode = FALSE
	EndGlobalSection
	GlobalSection(NestedProjects) = preSolution
		{7163D099-0DB6-4903-A003-6E8A694B7126} = {060593C2-9967-42E7-9AF3-7F3938F9D51D}
		{0B1A5780-9D40-4A9F-A6FE-35C5BFB9118E} = {EB4A8C62-20BA-4444-9653-A4B22910A53F}
		{1B1976C3-6186-4524-BC47-2AB33E166F56} = {EB4A8C62-20BA-4444-9653-A4B22910A53F}
		{3CB15DEC-C847-4758-9320-D954AEB4294E} = {EB4A8C62-20BA-4444-9653-A4B22910A53F}
		{64BA2A9E-119B-49EB-8B00-2506047DF0B6} = {69B193DF-D261-4EC8-8932-F6EE576190C2}
		{D8BC4D64-D0E9-4FB5-8334-36270B33D6AF} = {69B193DF-D261-4EC8-8932-F6EE576190C2}
		{0A8C36DC-3AA0-4E30-A0C3-B0B4C5C07266} = {06B453F7-AC09-410F-80DE-365F88BA193F}
		{EBE8A045-759A-4FF5-A3FC-5AE569F5C518} = {06B453F7-AC09-410F-80DE-365F88BA193F}
		{F299863E-AFA8-4769-A13E-10E9036FCE0F} = {06B453F7-AC09-410F-80DE-365F88BA193F}
		{D2D8A535-D72D-4E11-8F96-0AC8618F4C3E} = {06B453F7-AC09-410F-80DE-365F88BA193F}
	EndGlobalSection
	GlobalSection(ExtensibilityGlobals) = postSolution
		SolutionGuid = {3731E411-33C0-434F-8AB8-97FB9EFE65E8}
	EndGlobalSection
EndGlobal
